// !$*UTF8*$!
{
	archiveVersion = 1;
	classes = {
	};
	objectVersion = 46;
	objects = {

/* Begin PBXBuildFile section */
		81F916511F4D699300E05610 /* AppDelegate.swift in Sources */ = {isa = PBXBuildFile; fileRef = 81F916501F4D699300E05610 /* AppDelegate.swift */; };
		81F916531F4D699300E05610 /* ViewController.swift in Sources */ = {isa = PBXBuildFile; fileRef = 81F916521F4D699300E05610 /* ViewController.swift */; };
		81F916561F4D699300E05610 /* Main.storyboard in Resources */ = {isa = PBXBuildFile; fileRef = 81F916541F4D699300E05610 /* Main.storyboard */; };
		81F916591F4D699300E05610 /* CData.xcdatamodeld in Sources */ = {isa = PBXBuildFile; fileRef = 81F916571F4D699300E05610 /* CData.xcdatamodeld */; };
		81F9165B1F4D699300E05610 /* Assets.xcassets in Resources */ = {isa = PBXBuildFile; fileRef = 81F9165A1F4D699300E05610 /* Assets.xcassets */; };
		81F9165E1F4D699300E05610 /* LaunchScreen.storyboard in Resources */ = {isa = PBXBuildFile; fileRef = 81F9165C1F4D699300E05610 /* LaunchScreen.storyboard */; };
/* End PBXBuildFile section */

/* Begin PBXFileReference section */
		81F9164D1F4D699300E05610 /* CData.app */ = {isa = PBXFileReference; explicitFileType = wrapper.application; includeInIndex = 0; path = CData.app; sourceTree = BUILT_PRODUCTS_DIR; };
		81F916501F4D699300E05610 /* AppDelegate.swift */ = {isa = PBXFileReference; lastKnownFileType = sourcecode.swift; path = AppDelegate.swift; sourceTree = "<group>"; };
		81F916521F4D699300E05610 /* ViewController.swift */ = {isa = PBXFileReference; lastKnownFileType = sourcecode.swift; path = ViewController.swift; sourceTree = "<group>"; };
		81F916551F4D699300E05610 /* Base */ = {isa = PBXFileReference; lastKnownFileType = file.storyboard; name = Base; path = Base.lproj/Main.storyboard; sourceTree = "<group>"; };
		81F916581F4D699300E05610 /* CData.xcdatamodel */ = {isa = PBXFileReference; lastKnownFileType = wrapper.xcdatamodel; path = CData.xcdatamodel; sourceTree = "<group>"; };
		81F9165A1F4D699300E05610 /* Assets.xcassets */ = {isa = PBXFileReference; lastKnownFileType = folder.assetcatalog; path = Assets.xcassets; sourceTree = "<group>"; };
		81F9165D1F4D699300E05610 /* Base */ = {isa = PBXFileReference; lastKnownFileType = file.storyboard; name = Base; path = Base.lproj/LaunchScreen.storyboard; sourceTree = "<group>"; };
		81F9165F1F4D699300E05610 /* Info.plist */ = {isa = PBXFileReference; lastKnownFileType = text.plist.xml; path = Info.plist; sourceTree = "<group>"; };
/* End PBXFileReference section */

/* Begin PBXFrameworksBuildPhase section */
		81F9164A1F4D699300E05610 /* Frameworks */ = {
			isa = PBXFrameworksBuildPhase;
			buildActionMask = 2147483647;
			files = (
			);
			runOnlyForDeploymentPostprocessing = 0;
		};
/* End PBXFrameworksBuildPhase section */

/* Begin PBXGroup section */
		81F916441F4D699300E05610 = {
			isa = PBXGroup;
			children = (
				81F9164F1F4D699300E05610 /* CData */,
				81F9164E1F4D699300E05610 /* Products */,
			);
			sourceTree = "<group>";
		};
		81F9164E1F4D699300E05610 /* Products */ = {
			isa = PBXGroup;
			children = (
				81F9164D1F4D699300E05610 /* CData.app */,
			);
			name = Products;
			sourceTree = "<group>";
		};
		81F9164F1F4D699300E05610 /* CData */ = {
			isa = PBXGroup;
			children = (
				81F916501F4D699300E05610 /* AppDelegate.swift */,
				81F916521F4D699300E05610 /* ViewController.swift */,
				81F916541F4D699300E05610 /* Main.storyboard */,
				81F9165A1F4D699300E05610 /* Assets.xcassets */,
				81F9165C1F4D699300E05610 /* LaunchScreen.storyboard */,
				81F9165F1F4D699300E05610 /* Info.plist */,
				81F916571F4D699300E05610 /* CData.xcdatamodeld */,
			);
			path = CData;
			sourceTree = "<group>";
		};
/* End PBXGroup section */

/* Begin PBXNativeTarget section */
		81F9164C1F4D699300E05610 /* CData */ = {
			isa = PBXNativeTarget;
			buildConfigurationList = 81F916621F4D699300E05610 /* Build configuration list for PBXNativeTarget "CData" */;
			buildPhases = (
				81F916491F4D699300E05610 /* Sources */,
				81F9164A1F4D699300E05610 /* Frameworks */,
				81F9164B1F4D699300E05610 /* Resources */,
			);
			buildRules = (
			);
			dependencies = (
			);
			name = CData;
			productName = CData;
			productReference = 81F9164D1F4D699300E05610 /* CData.app */;
			productType = "com.apple.product-type.application";
		};
/* End PBXNativeTarget section */

/* Begin PBXProject section */
		81F916451F4D699300E05610 /* Project object */ = {
			isa = PBXProject;
			attributes = {
				LastSwiftUpdateCheck = 0830;
				LastUpgradeCheck = 0830;
				ORGANIZATIONNAME = "Pranav Shashikant Deshpande";
				TargetAttributes = {
					81F9164C1F4D699300E05610 = {
						CreatedOnToolsVersion = 8.3.3;
						ProvisioningStyle = Automatic;
					};
				};
			};
			buildConfigurationList = 81F916481F4D699300E05610 /* Build configuration list for PBXProject "CData" */;
			compatibilityVersion = "Xcode 3.2";
			developmentRegion = English;
			hasScannedForEncodings = 0;
			knownRegions = (
				en,
				Base,
			);
			mainGroup = 81F916441F4D699300E05610;
			productRefGroup = 81F9164E1F4D699300E05610 /* Products */;
			projectDirPath = "";
			projectRoot = "";
			targets = (
				81F9164C1F4D699300E05610 /* CData */,
			);
		};
/* End PBXProject section */

/* Begin PBXResourcesBuildPhase section */
		81F9164B1F4D699300E05610 /* Resources */ = {
			isa = PBXResourcesBuildPhase;
			buildActionMask = 2147483647;
			files = (
				81F9165E1F4D699300E05610 /* LaunchScreen.storyboard in Resources */,
				81F9165B1F4D699300E05610 /* Assets.xcassets in Resources */,
				81F916561F4D699300E05610 /* Main.storyboard in Resources */,
			);
			runOnlyForDeploymentPostprocessing = 0;
		};
/* End PBXResourcesBuildPhase section */

/* Begin PBXSourcesBuildPhase section */
		81F916491F4D699300E05610 /* Sources */ = {
			isa = PBXSourcesBuildPhase;
			buildActionMask = 2147483647;
			files = (
				81F916531F4D699300E05610 /* ViewController.swift in Sources */,
				81F916591F4D699300E05610 /* CData.xcdatamodeld in Sources */,
				81F916511F4D699300E05610 /* AppDelegate.swift in Sources */,
			);
			runOnlyForDeploymentPostprocessing = 0;
		};
/* End PBXSourcesBuildPhase section */

/* Begin PBXVariantGroup section */
		81F916541F4D699300E05610 /* Main.storyboard */ = {
			isa = PBXVariantGroup;
			children = (
				81F916551F4D699300E05610 /* Base */,
			);
			name = Main.storyboard;
			sourceTree = "<group>";
		};
		81F9165C1F4D699300E05610 /* LaunchScreen.storyboard */ = {
			isa = PBXVariantGroup;
			children = (
				81F9165D1F4D699300E05610 /* Base */,
			);
			name = LaunchScreen.storyboard;
			sourceTree = "<group>";
		};
/* End PBXVariantGroup section */

/* Begin XCBuildConfiguration section */
		81F916601F4D699300E05610 /* Debug */ = {
			isa = XCBuildConfiguration;
			buildSettings = {
				ALWAYS_SEARCH_USER_PATHS = NO;
				CLANG_ANALYZER_NONNULL = YES;
				CLANG_ANALYZER_NUMBER_OBJECT_CONVERSION = YES_AGGRESSIVE;
				CLANG_CXX_LANGUAGE_STANDARD = "gnu++0x";
				CLANG_CXX_LIBRARY = "libc++";
				CLANG_ENABLE_MODULES = YES;
				CLANG_ENABLE_OBJC_ARC = YES;
				CLANG_WARN_BOOL_CONVERSION = YES;
				CLANG_WARN_CONSTANT_CONVERSION = YES;
				CLANG_WARN_DIRECT_OBJC_ISA_USAGE = YES_ERROR;
				CLANG_WARN_DOCUMENTATION_COMMENTS = YES;
				CLANG_WARN_EMPTY_BODY = YES;
				CLANG_WARN_ENUM_CONVERSION = YES;
				CLANG_WARN_INFINITE_RECURSION = YES;
				CLANG_WARN_INT_CONVERSION = YES;
				CLANG_WARN_OBJC_ROOT_CLASS = YES_ERROR;
				CLANG_WARN_SUSPICIOUS_MOVE = YES;
				CLANG_WARN_UNREACHABLE_CODE = YES;
				CLANG_WARN__DUPLICATE_METHOD_MATCH = YES;
				"CODE_SIGN_IDENTITY[sdk=iphoneos*]" = "iPhone Developer";
				COPY_PHASE_STRIP = NO;
				DEBUG_INFORMATION_FORMAT = dwarf;
				ENABLE_STRICT_OBJC_MSGSEND = YES;
				ENABLE_TESTABILITY = YES;
				GCC_C_LANGUAGE_STANDARD = gnu99;
				GCC_DYNAMIC_NO_PIC = NO;
				GCC_NO_COMMON_BLOCKS = YES;
				GCC_OPTIMIZATION_LEVEL = 0;
				GCC_PREPROCESSOR_DEFINITIONS = (
					"DEBUG=1",
					"$(inherited)",
				);
				GCC_WARN_64_TO_32_BIT_CONVERSION = YES;
				GCC_WARN_ABOUT_RETURN_TYPE = YES_ERROR;
				GCC_WARN_UNDECLARED_SELECTOR = YES;
				GCC_WARN_UNINITIALIZED_AUTOS = YES_AGGRESSIVE;
				GCC_WARN_UNUSED_FUNCTION = YES;
				GCC_WARN_UNUSED_VARIABLE = YES;
				IPHONEOS_DEPLOYMENT_TARGET = 10.3;
				MTL_ENABLE_DEBUG_INFO = YES;
				ONLY_ACTIVE_ARCH = YES;
				SDKROOT = iphoneos;
				SWIFT_ACTIVE_COMPILATION_CONDITIONS = DEBUG;
				SWIFT_OPTIMIZATION_LEVEL = "-Onone";
				TARGETED_DEVICE_FAMILY = "1,2";
			};
			name = Debug;
		};
		81F916611F4D699300E05610 /* Release */ = {
			isa = XCBuildConfiguration;
			buildSettings = {
				ALWAYS_SEARCH_USER_PATHS = NO;
				CLANG_ANALYZER_NONNULL = YES;
				CLANG_ANALYZER_NUMBER_OBJECT_CONVERSION = YES_AGGRESSIVE;
				CLANG_CXX_LANGUAGE_STANDARD = "gnu++0x";
				CLANG_CXX_LIBRARY = "libc++";
				CLANG_ENABLE_MODULES = YES;
				CLANG_ENABLE_OBJC_ARC = YES;
				CLANG_WARN_BOOL_CONVERSION = YES;
				CLANG_WARN_CONSTANT_CONVERSION = YES;
				CLANG_WARN_DIRECT_OBJC_ISA_USAGE = YES_ERROR;
				CLANG_WARN_DOCUMENTATION_COMMENTS = YES;
				CLANG_WARN_EMPTY_BODY = YES;
				CLANG_WARN_ENUM_CONVERSION = YES;
				CLANG_WARN_INFINITE_RECURSION = YES;
				CLANG_WARN_INT_CONVERSION = YES;
				CLANG_WARN_OBJC_ROOT_CLASS = YES_ERROR;
				CLANG_WARN_SUSPICIOUS_MOVE = YES;
				CLANG_WARN_UNREACHABLE_CODE = YES;
				CLANG_WARN__DUPLICATE_METHOD_MATCH = YES;
				"CODE_SIGN_IDENTITY[sdk=iphoneos*]" = "iPhone Developer";
				COPY_PHASE_STRIP = NO;
				DEBUG_INFORMATION_FORMAT = "dwarf-with-dsym";
				ENABLE_NS_ASSERTIONS = NO;
				ENABLE_STRICT_OBJC_MSGSEND = YES;
				GCC_C_LANGUAGE_STANDARD = gnu99;
				GCC_NO_COMMON_BLOCKS = YES;
				GCC_WARN_64_TO_32_BIT_CONVERSION = YES;
				GCC_WARN_ABOUT_RETURN_TYPE = YES_ERROR;
				GCC_WARN_UNDECLARED_SELECTOR = YES;
				GCC_WARN_UNINITIALIZED_AUTOS = YES_AGGRESSIVE;
				GCC_WARN_UNUSED_FUNCTION = YES;
				GCC_WARN_UNUSED_VARIABLE = YES;
				IPHONEOS_DEPLOYMENT_TARGET = 10.3;
				MTL_ENABLE_DEBUG_INFO = NO;
				SDKROOT = iphoneos;
				SWIFT_OPTIMIZATION_LEVEL = "-Owholemodule";
				TARGETED_DEVICE_FAMILY = "1,2";
				VALIDATE_PRODUCT = YES;
			};
			name = Release;
		};
		81F916631F4D699300E05610 /* Debug */ = {
			isa = XCBuildConfiguration;
			buildSettings = {
				ASSETCATALOG_COMPILER_APPICON_NAME = AppIcon;
				INFOPLIST_FILE = CData/Info.plist;
				LD_RUNPATH_SEARCH_PATHS = "$(inherited) @executable_path/Frameworks";
				PRODUCT_BUNDLE_IDENTIFIER = com.rjt.CData;
				PRODUCT_NAME = "$(TARGET_NAME)";
				SWIFT_VERSION = 3.0;
			};
			name = Debug;
		};
		81F916641F4D699300E05610 /* Release */ = {
			isa = XCBuildConfiguration;
			buildSettings = {
				ASSETCATALOG_COMPILER_APPICON_NAME = AppIcon;
				INFOPLIST_FILE = CData/Info.plist;
				LD_RUNPATH_SEARCH_PATHS = "$(inherited) @executable_path/Frameworks";
				PRODUCT_BUNDLE_IDENTIFIER = com.rjt.CData;
				PRODUCT_NAME = "$(TARGET_NAME)";
				SWIFT_VERSION = 3.0;
			};
			name = Release;
		};
/* End XCBuildConfiguration section */

/* Begin XCConfigurationList section */
		81F916481F4D699300E05610 /* Build configuration list for PBXProject "CData" */ = {
			isa = XCConfigurationList;
			buildConfigurations = (
				81F916601F4D699300E05610 /* Debug */,
				81F916611F4D699300E05610 /* Release */,
			);
			defaultConfigurationIsVisible = 0;
			defaultConfigurationName = Release;
		};
		81F916621F4D699300E05610 /* Build configuration list for PBXNativeTarget "CData" */ = {
			isa = XCConfigurationList;
			buildConfigurations = (
				81F916631F4D699300E05610 /* Debug */,
				81F916641F4D699300E05610 /* Release */,
			);
			defaultConfigurationIsVisible = 0;
		};
/* End XCConfigurationList section */

/* Begin XCVersionGroup section */
		81F916571F4D699300E05610 /* CData.xcdatamodeld */ = {
			isa = XCVersionGroup;
			children = (
				81F916581F4D699300E05610 /* CData.xcdatamodel */,
			);
			currentVersion = 81F916581F4D699300E05610 /* CData.xcdatamodel */;
			path = CData.xcdatamodeld;
			sourceTree = "<group>";
			versionGroupType = wrapper.xcdatamodel;
		};
/* End XCVersionGroup section */
	};
	rootObject = 81F916451F4D699300E05610 /* Project object */;
}
